// !$*UTF8*$!
{
	archiveVersion = 1;
	classes = {
	};
	objectVersion = 46;
	objects = {

/* Begin PBXBuildFile section */
		EA4794371D7BD86E0006A5EB /* AppDelegate.swift in Sources */ = {isa = PBXBuildFile; fileRef = EA4794361D7BD86E0006A5EB /* AppDelegate.swift */; };
		EA4794391D7BD86E0006A5EB /* ViewController.swift in Sources */ = {isa = PBXBuildFile; fileRef = EA4794381D7BD86E0006A5EB /* ViewController.swift */; };
		EA47943C1D7BD86E0006A5EB /* Main.storyboard in Resources */ = {isa = PBXBuildFile; fileRef = EA47943A1D7BD86E0006A5EB /* Main.storyboard */; };
		EA47943E1D7BD86E0006A5EB /* Assets.xcassets in Resources */ = {isa = PBXBuildFile; fileRef = EA47943D1D7BD86E0006A5EB /* Assets.xcassets */; };
		EA4794411D7BD86E0006A5EB /* LaunchScreen.storyboard in Resources */ = {isa = PBXBuildFile; fileRef = EA47943F1D7BD86E0006A5EB /* LaunchScreen.storyboard */; };
		EA47944C1D7BD86E0006A5EB /* ReproductorMusicaTests.swift in Sources */ = {isa = PBXBuildFile; fileRef = EA47944B1D7BD86E0006A5EB /* ReproductorMusicaTests.swift */; };
		EA4794611D7BDDC50006A5EB /* cover05.jpg in Resources */ = {isa = PBXBuildFile; fileRef = EA4794561D7BDDC50006A5EB /* cover05.jpg */; };
		EA4794621D7BDDC50006A5EB /* cover04.jpg in Resources */ = {isa = PBXBuildFile; fileRef = EA4794571D7BDDC50006A5EB /* cover04.jpg */; };
		EA4794631D7BDDC50006A5EB /* cover03.jpg in Resources */ = {isa = PBXBuildFile; fileRef = EA4794581D7BDDC50006A5EB /* cover03.jpg */; };
		EA4794641D7BDDC50006A5EB /* cover02.jpg in Resources */ = {isa = PBXBuildFile; fileRef = EA4794591D7BDDC50006A5EB /* cover02.jpg */; };
		EA4794651D7BDDC50006A5EB /* cover01.jpg in Resources */ = {isa = PBXBuildFile; fileRef = EA47945A1D7BDDC50006A5EB /* cover01.jpg */; };
		EA4794661D7BDDC50006A5EB /* shuffle.png in Resources */ = {isa = PBXBuildFile; fileRef = EA47945B1D7BDDC50006A5EB /* shuffle.png */; };
		EA4794671D7BDDC50006A5EB /* substract.png in Resources */ = {isa = PBXBuildFile; fileRef = EA47945C1D7BDDC50006A5EB /* substract.png */; };
		EA4794681D7BDDC50006A5EB /* add.png in Resources */ = {isa = PBXBuildFile; fileRef = EA47945D1D7BDDC50006A5EB /* add.png */; };
		EA4794691D7BDDC50006A5EB /* volume.png in Resources */ = {isa = PBXBuildFile; fileRef = EA47945E1D7BDDC50006A5EB /* volume.png */; };
		EA47946A1D7BDDC50006A5EB /* stop.png in Resources */ = {isa = PBXBuildFile; fileRef = EA47945F1D7BDDC50006A5EB /* stop.png */; };
		EA47946B1D7BDDC50006A5EB /* play.png in Resources */ = {isa = PBXBuildFile; fileRef = EA4794601D7BDDC50006A5EB /* play.png */; };
		EA47946F1D7BDFCB0006A5EB /* default.png in Resources */ = {isa = PBXBuildFile; fileRef = EA47946E1D7BDFCB0006A5EB /* default.png */; };
		EA4794781D7BECE00006A5EB /* 04.mp3 in Resources */ = {isa = PBXBuildFile; fileRef = EA4794731D7BECE00006A5EB /* 04.mp3 */; };
		EA4794791D7BECE00006A5EB /* 03.mp3 in Resources */ = {isa = PBXBuildFile; fileRef = EA4794741D7BECE00006A5EB /* 03.mp3 */; };
		EA47947A1D7BECE00006A5EB /* 02.mp3 in Resources */ = {isa = PBXBuildFile; fileRef = EA4794751D7BECE00006A5EB /* 02.mp3 */; };
		EA47947B1D7BECE00006A5EB /* 01.mp3 in Resources */ = {isa = PBXBuildFile; fileRef = EA4794761D7BECE00006A5EB /* 01.mp3 */; };
		EA47947C1D7BECE00006A5EB /* 05.mp3 in Resources */ = {isa = PBXBuildFile; fileRef = EA4794771D7BECE00006A5EB /* 05.mp3 */; };
		EA47947E1D7BF6030006A5EB /* pause.png in Resources */ = {isa = PBXBuildFile; fileRef = EA47947D1D7BF6030006A5EB /* pause.png */; };
		EA4794801D7CB9060006A5EB /* CustomCell.swift in Sources */ = {isa = PBXBuildFile; fileRef = EA47947F1D7CB9060006A5EB /* CustomCell.swift */; };
/* End PBXBuildFile section */

/* Begin PBXContainerItemProxy section */
		EA4794481D7BD86E0006A5EB /* PBXContainerItemProxy */ = {
			isa = PBXContainerItemProxy;
			containerPortal = EA47942B1D7BD86E0006A5EB /* Project object */;
			proxyType = 1;
			remoteGlobalIDString = EA4794321D7BD86E0006A5EB;
			remoteInfo = ReproductorMusica;
		};
/* End PBXContainerItemProxy section */

/* Begin PBXFileReference section */
		EA4794331D7BD86E0006A5EB /* ReproductorMusica.app */ = {isa = PBXFileReference; explicitFileType = wrapper.application; includeInIndex = 0; path = ReproductorMusica.app; sourceTree = BUILT_PRODUCTS_DIR; };
		EA4794361D7BD86E0006A5EB /* AppDelegate.swift */ = {isa = PBXFileReference; lastKnownFileType = sourcecode.swift; path = AppDelegate.swift; sourceTree = "<group>"; };
		EA4794381D7BD86E0006A5EB /* ViewController.swift */ = {isa = PBXFileReference; lastKnownFileType = sourcecode.swift; path = ViewController.swift; sourceTree = "<group>"; };
		EA47943B1D7BD86E0006A5EB /* Base */ = {isa = PBXFileReference; lastKnownFileType = file.storyboard; name = Base; path = Base.lproj/Main.storyboard; sourceTree = "<group>"; };
		EA47943D1D7BD86E0006A5EB /* Assets.xcassets */ = {isa = PBXFileReference; lastKnownFileType = folder.assetcatalog; path = Assets.xcassets; sourceTree = "<group>"; };
		EA4794401D7BD86E0006A5EB /* Base */ = {isa = PBXFileReference; lastKnownFileType = file.storyboard; name = Base; path = Base.lproj/LaunchScreen.storyboard; sourceTree = "<group>"; };
		EA4794421D7BD86E0006A5EB /* Info.plist */ = {isa = PBXFileReference; lastKnownFileType = text.plist.xml; path = Info.plist; sourceTree = "<group>"; };
		EA4794471D7BD86E0006A5EB /* ReproductorMusicaTests.xctest */ = {isa = PBXFileReference; explicitFileType = wrapper.cfbundle; includeInIndex = 0; path = ReproductorMusicaTests.xctest; sourceTree = BUILT_PRODUCTS_DIR; };
		EA47944B1D7BD86E0006A5EB /* ReproductorMusicaTests.swift */ = {isa = PBXFileReference; lastKnownFileType = sourcecode.swift; path = ReproductorMusicaTests.swift; sourceTree = "<group>"; };
		EA47944D1D7BD86E0006A5EB /* Info.plist */ = {isa = PBXFileReference; lastKnownFileType = text.plist.xml; path = Info.plist; sourceTree = "<group>"; };
		EA4794561D7BDDC50006A5EB /* cover05.jpg */ = {isa = PBXFileReference; lastKnownFileType = image.jpeg; path = cover05.jpg; sourceTree = "<group>"; };
		EA4794571D7BDDC50006A5EB /* cover04.jpg */ = {isa = PBXFileReference; lastKnownFileType = image.jpeg; path = cover04.jpg; sourceTree = "<group>"; };
		EA4794581D7BDDC50006A5EB /* cover03.jpg */ = {isa = PBXFileReference; lastKnownFileType = image.jpeg; path = cover03.jpg; sourceTree = "<group>"; };
		EA4794591D7BDDC50006A5EB /* cover02.jpg */ = {isa = PBXFileReference; lastKnownFileType = image.jpeg; path = cover02.jpg; sourceTree = "<group>"; };
		EA47945A1D7BDDC50006A5EB /* cover01.jpg */ = {isa = PBXFileReference; lastKnownFileType = image.jpeg; path = cover01.jpg; sourceTree = "<group>"; };
		EA47945B1D7BDDC50006A5EB /* shuffle.png */ = {isa = PBXFileReference; lastKnownFileType = image.png; path = shuffle.png; sourceTree = "<group>"; };
		EA47945C1D7BDDC50006A5EB /* substract.png */ = {isa = PBXFileReference; lastKnownFileType = image.png; path = substract.png; sourceTree = "<group>"; };
		EA47945D1D7BDDC50006A5EB /* add.png */ = {isa = PBXFileReference; lastKnownFileType = image.png; path = add.png; sourceTree = "<group>"; };
		EA47945E1D7BDDC50006A5EB /* volume.png */ = {isa = PBXFileReference; lastKnownFileType = image.png; path = volume.png; sourceTree = "<group>"; };
		EA47945F1D7BDDC50006A5EB /* stop.png */ = {isa = PBXFileReference; lastKnownFileType = image.png; path = stop.png; sourceTree = "<group>"; };
		EA4794601D7BDDC50006A5EB /* play.png */ = {isa = PBXFileReference; lastKnownFileType = image.png; path = play.png; sourceTree = "<group>"; };
		EA47946E1D7BDFCB0006A5EB /* default.png */ = {isa = PBXFileReference; lastKnownFileType = image.png; path = default.png; sourceTree = "<group>"; };
		EA4794731D7BECE00006A5EB /* 04.mp3 */ = {isa = PBXFileReference; lastKnownFileType = audio.mp3; path = 04.mp3; sourceTree = "<group>"; };
		EA4794741D7BECE00006A5EB /* 03.mp3 */ = {isa = PBXFileReference; lastKnownFileType = audio.mp3; path = 03.mp3; sourceTree = "<group>"; };
		EA4794751D7BECE00006A5EB /* 02.mp3 */ = {isa = PBXFileReference; lastKnownFileType = audio.mp3; path = 02.mp3; sourceTree = "<group>"; };
		EA4794761D7BECE00006A5EB /* 01.mp3 */ = {isa = PBXFileReference; lastKnownFileType = audio.mp3; path = 01.mp3; sourceTree = "<group>"; };
		EA4794771D7BECE00006A5EB /* 05.mp3 */ = {isa = PBXFileReference; lastKnownFileType = audio.mp3; path = 05.mp3; sourceTree = "<group>"; };
		EA47947D1D7BF6030006A5EB /* pause.png */ = {isa = PBXFileReference; lastKnownFileType = image.png; path = pause.png; sourceTree = "<group>"; };
		EA47947F1D7CB9060006A5EB /* CustomCell.swift */ = {isa = PBXFileReference; fileEncoding = 4; lastKnownFileType = sourcecode.swift; path = CustomCell.swift; sourceTree = "<group>"; };
/* End PBXFileReference section */

/* Begin PBXFrameworksBuildPhase section */
		EA4794301D7BD86E0006A5EB /* Frameworks */ = {
			isa = PBXFrameworksBuildPhase;
			buildActionMask = 2147483647;
			files = (
			);
			runOnlyForDeploymentPostprocessing = 0;
		};
		EA4794441D7BD86E0006A5EB /* Frameworks */ = {
			isa = PBXFrameworksBuildPhase;
			buildActionMask = 2147483647;
			files = (
			);
			runOnlyForDeploymentPostprocessing = 0;
		};
/* End PBXFrameworksBuildPhase section */

/* Begin PBXGroup section */
		EA47942A1D7BD86E0006A5EB = {
			isa = PBXGroup;
			children = (
				EA4794351D7BD86E0006A5EB /* ReproductorMusica */,
				EA47944A1D7BD86E0006A5EB /* ReproductorMusicaTests */,
				EA4794341D7BD86E0006A5EB /* Products */,
			);
			sourceTree = "<group>";
		};
		EA4794341D7BD86E0006A5EB /* Products */ = {
			isa = PBXGroup;
			children = (
				EA4794331D7BD86E0006A5EB /* ReproductorMusica.app */,
				EA4794471D7BD86E0006A5EB /* ReproductorMusicaTests.xctest */,
			);
			name = Products;
			sourceTree = "<group>";
		};
		EA4794351D7BD86E0006A5EB /* ReproductorMusica */ = {
			isa = PBXGroup;
			children = (
				EA4794731D7BECE00006A5EB /* 04.mp3 */,
				EA4794741D7BECE00006A5EB /* 03.mp3 */,
				EA4794751D7BECE00006A5EB /* 02.mp3 */,
				EA4794761D7BECE00006A5EB /* 01.mp3 */,
				EA4794771D7BECE00006A5EB /* 05.mp3 */,
				EA47946E1D7BDFCB0006A5EB /* default.png */,
				EA4794561D7BDDC50006A5EB /* cover05.jpg */,
				EA4794571D7BDDC50006A5EB /* cover04.jpg */,
				EA4794581D7BDDC50006A5EB /* cover03.jpg */,
				EA4794591D7BDDC50006A5EB /* cover02.jpg */,
				EA47945A1D7BDDC50006A5EB /* cover01.jpg */,
				EA47945B1D7BDDC50006A5EB /* shuffle.png */,
				EA47945C1D7BDDC50006A5EB /* substract.png */,
				EA47945D1D7BDDC50006A5EB /* add.png */,
				EA47947D1D7BF6030006A5EB /* pause.png */,
				EA47945E1D7BDDC50006A5EB /* volume.png */,
				EA47945F1D7BDDC50006A5EB /* stop.png */,
				EA4794601D7BDDC50006A5EB /* play.png */,
				EA4794361D7BD86E0006A5EB /* AppDelegate.swift */,
				EA4794381D7BD86E0006A5EB /* ViewController.swift */,
				EA47943A1D7BD86E0006A5EB /* Main.storyboard */,
				EA47943D1D7BD86E0006A5EB /* Assets.xcassets */,
				EA47943F1D7BD86E0006A5EB /* LaunchScreen.storyboard */,
				EA4794421D7BD86E0006A5EB /* Info.plist */,
				EA47947F1D7CB9060006A5EB /* CustomCell.swift */,
			);
			path = ReproductorMusica;
			sourceTree = "<group>";
		};
		EA47944A1D7BD86E0006A5EB /* ReproductorMusicaTests */ = {
			isa = PBXGroup;
			children = (
				EA47944B1D7BD86E0006A5EB /* ReproductorMusicaTests.swift */,
				EA47944D1D7BD86E0006A5EB /* Info.plist */,
			);
			path = ReproductorMusicaTests;
			sourceTree = "<group>";
		};
/* End PBXGroup section */

/* Begin PBXNativeTarget section */
		EA4794321D7BD86E0006A5EB /* ReproductorMusica */ = {
			isa = PBXNativeTarget;
			buildConfigurationList = EA4794501D7BD86E0006A5EB /* Build configuration list for PBXNativeTarget "ReproductorMusica" */;
			buildPhases = (
				EA47942F1D7BD86E0006A5EB /* Sources */,
				EA4794301D7BD86E0006A5EB /* Frameworks */,
				EA4794311D7BD86E0006A5EB /* Resources */,
			);
			buildRules = (
			);
			dependencies = (
			);
			name = ReproductorMusica;
			productName = ReproductorMusica;
			productReference = EA4794331D7BD86E0006A5EB /* ReproductorMusica.app */;
			productType = "com.apple.product-type.application";
		};
		EA4794461D7BD86E0006A5EB /* ReproductorMusicaTests */ = {
			isa = PBXNativeTarget;
			buildConfigurationList = EA4794531D7BD86E0006A5EB /* Build configuration list for PBXNativeTarget "ReproductorMusicaTests" */;
			buildPhases = (
				EA4794431D7BD86E0006A5EB /* Sources */,
				EA4794441D7BD86E0006A5EB /* Frameworks */,
				EA4794451D7BD86E0006A5EB /* Resources */,
			);
			buildRules = (
			);
			dependencies = (
				EA4794491D7BD86E0006A5EB /* PBXTargetDependency */,
			);
			name = ReproductorMusicaTests;
			productName = ReproductorMusicaTests;
			productReference = EA4794471D7BD86E0006A5EB /* ReproductorMusicaTests.xctest */;
			productType = "com.apple.product-type.bundle.unit-test";
		};
/* End PBXNativeTarget section */

/* Begin PBXProject section */
		EA47942B1D7BD86E0006A5EB /* Project object */ = {
			isa = PBXProject;
			attributes = {
				LastSwiftUpdateCheck = 0730;
				LastUpgradeCheck = 0730;
				ORGANIZATIONNAME = "Jesus Manuel Porras";
				TargetAttributes = {
					EA4794321D7BD86E0006A5EB = {
						CreatedOnToolsVersion = 7.3.1;
						DevelopmentTeam = 7X34A5KRL9;
						LastSwiftMigration = 0800;
					};
					EA4794461D7BD86E0006A5EB = {
						CreatedOnToolsVersion = 7.3.1;
						LastSwiftMigration = 0800;
						TestTargetID = EA4794321D7BD86E0006A5EB;
					};
				};
			};
			buildConfigurationList = EA47942E1D7BD86E0006A5EB /* Build configuration list for PBXProject "ReproductorMusica" */;
			compatibilityVersion = "Xcode 3.2";
			developmentRegion = English;
			hasScannedForEncodings = 0;
			knownRegions = (
				en,
				Base,
			);
			mainGroup = EA47942A1D7BD86E0006A5EB;
			productRefGroup = EA4794341D7BD86E0006A5EB /* Products */;
			projectDirPath = "";
			projectRoot = "";
			targets = (
				EA4794321D7BD86E0006A5EB /* ReproductorMusica */,
				EA4794461D7BD86E0006A5EB /* ReproductorMusicaTests */,
			);
		};
/* End PBXProject section */

/* Begin PBXResourcesBuildPhase section */
		EA4794311D7BD86E0006A5EB /* Resources */ = {
			isa = PBXResourcesBuildPhase;
			buildActionMask = 2147483647;
			files = (
				EA4794791D7BECE00006A5EB /* 03.mp3 in Resources */,
				EA4794411D7BD86E0006A5EB /* LaunchScreen.storyboard in Resources */,
				EA4794691D7BDDC50006A5EB /* volume.png in Resources */,
				EA4794671D7BDDC50006A5EB /* substract.png in Resources */,
				EA47943E1D7BD86E0006A5EB /* Assets.xcassets in Resources */,
				EA47947C1D7BECE00006A5EB /* 05.mp3 in Resources */,
				EA4794651D7BDDC50006A5EB /* cover01.jpg in Resources */,
				EA4794611D7BDDC50006A5EB /* cover05.jpg in Resources */,
				EA47947B1D7BECE00006A5EB /* 01.mp3 in Resources */,
				EA47943C1D7BD86E0006A5EB /* Main.storyboard in Resources */,
				EA47947A1D7BECE00006A5EB /* 02.mp3 in Resources */,
				EA47946B1D7BDDC50006A5EB /* play.png in Resources */,
				EA4794781D7BECE00006A5EB /* 04.mp3 in Resources */,
				EA4794681D7BDDC50006A5EB /* add.png in Resources */,
				EA4794631D7BDDC50006A5EB /* cover03.jpg in Resources */,
				EA4794661D7BDDC50006A5EB /* shuffle.png in Resources */,
				EA47946A1D7BDDC50006A5EB /* stop.png in Resources */,
				EA47947E1D7BF6030006A5EB /* pause.png in Resources */,
				EA4794621D7BDDC50006A5EB /* cover04.jpg in Resources */,
				EA4794641D7BDDC50006A5EB /* cover02.jpg in Resources */,
				EA47946F1D7BDFCB0006A5EB /* default.png in Resources */,
			);
			runOnlyForDeploymentPostprocessing = 0;
		};
		EA4794451D7BD86E0006A5EB /* Resources */ = {
			isa = PBXResourcesBuildPhase;
			buildActionMask = 2147483647;
			files = (
			);
			runOnlyForDeploymentPostprocessing = 0;
		};
/* End PBXResourcesBuildPhase section */

/* Begin PBXSourcesBuildPhase section */
		EA47942F1D7BD86E0006A5EB /* Sources */ = {
			isa = PBXSourcesBuildPhase;
			buildActionMask = 2147483647;
			files = (
				EA4794391D7BD86E0006A5EB /* ViewController.swift in Sources */,
				EA4794801D7CB9060006A5EB /* CustomCell.swift in Sources */,
				EA4794371D7BD86E0006A5EB /* AppDelegate.swift in Sources */,
			);
			runOnlyForDeploymentPostprocessing = 0;
		};
		EA4794431D7BD86E0006A5EB /* Sources */ = {
			isa = PBXSourcesBuildPhase;
			buildActionMask = 2147483647;
			files = (
				EA47944C1D7BD86E0006A5EB /* ReproductorMusicaTests.swift in Sources */,
			);
			runOnlyForDeploymentPostprocessing = 0;
		};
/* End PBXSourcesBuildPhase section */

/* Begin PBXTargetDependency section */
		EA4794491D7BD86E0006A5EB /* PBXTargetDependency */ = {
			isa = PBXTargetDependency;
			target = EA4794321D7BD86E0006A5EB /* ReproductorMusica */;
			targetProxy = EA4794481D7BD86E0006A5EB /* PBXContainerItemProxy */;
		};
/* End PBXTargetDependency section */

/* Begin PBXVariantGroup section */
		EA47943A1D7BD86E0006A5EB /* Main.storyboard */ = {
			isa = PBXVariantGroup;
			children = (
				EA47943B1D7BD86E0006A5EB /* Base */,
			);
			name = Main.storyboard;
			sourceTree = "<group>";
		};
		EA47943F1D7BD86E0006A5EB /* LaunchScreen.storyboard */ = {
			isa = PBXVariantGroup;
			children = (
				EA4794401D7BD86E0006A5EB /* Base */,
			);
			name = LaunchScreen.storyboard;
			sourceTree = "<group>";
		};
/* End PBXVariantGroup section */

/* Begin XCBuildConfiguration section */
		EA47944E1D7BD86E0006A5EB /* Debug */ = {
			isa = XCBuildConfiguration;
			buildSettings = {
				ALWAYS_SEARCH_USER_PATHS = NO;
				CLANG_ANALYZER_NONNULL = YES;
				CLANG_CXX_LANGUAGE_STANDARD = "gnu++0x";
				CLANG_CXX_LIBRARY = "libc++";
				CLANG_ENABLE_MODULES = YES;
				CLANG_ENABLE_OBJC_ARC = YES;
				CLANG_WARN_BOOL_CONVERSION = YES;
				CLANG_WARN_CONSTANT_CONVERSION = YES;
				CLANG_WARN_DIRECT_OBJC_ISA_USAGE = YES_ERROR;
				CLANG_WARN_EMPTY_BODY = YES;
				CLANG_WARN_ENUM_CONVERSION = YES;
				CLANG_WARN_INT_CONVERSION = YES;
				CLANG_WARN_OBJC_ROOT_CLASS = YES_ERROR;
				CLANG_WARN_UNREACHABLE_CODE = YES;
				CLANG_WARN__DUPLICATE_METHOD_MATCH = YES;
				"CODE_SIGN_IDENTITY[sdk=iphoneos*]" = "iPhone Developer";
				COPY_PHASE_STRIP = NO;
				DEBUG_INFORMATION_FORMAT = dwarf;
				ENABLE_STRICT_OBJC_MSGSEND = YES;
				ENABLE_TESTABILITY = YES;
				GCC_C_LANGUAGE_STANDARD = gnu99;
				GCC_DYNAMIC_NO_PIC = NO;
				GCC_NO_COMMON_BLOCKS = YES;
				GCC_OPTIMIZATION_LEVEL = 0;
				GCC_PREPROCESSOR_DEFINITIONS = (
					"DEBUG=1",
					"$(inherited)",
				);
				GCC_WARN_64_TO_32_BIT_CONVERSION = YES;
				GCC_WARN_ABOUT_RETURN_TYPE = YES_ERROR;
				GCC_WARN_UNDECLARED_SELECTOR = YES;
				GCC_WARN_UNINITIALIZED_AUTOS = YES_AGGRESSIVE;
				GCC_WARN_UNUSED_FUNCTION = YES;
				GCC_WARN_UNUSED_VARIABLE = YES;
				IPHONEOS_DEPLOYMENT_TARGET = 9.3;
				MTL_ENABLE_DEBUG_INFO = YES;
				ONLY_ACTIVE_ARCH = YES;
				SDKROOT = iphoneos;
				SWIFT_OPTIMIZATION_LEVEL = "-Onone";
				TARGETED_DEVICE_FAMILY = "1,2";
			};
			name = Debug;
		};
		EA47944F1D7BD86E0006A5EB /* Release */ = {
			isa = XCBuildConfiguration;
			buildSettings = {
				ALWAYS_SEARCH_USER_PATHS = NO;
				CLANG_ANALYZER_NONNULL = YES;
				CLANG_CXX_LANGUAGE_STANDARD = "gnu++0x";
				CLANG_CXX_LIBRARY = "libc++";
				CLANG_ENABLE_MODULES = YES;
				CLANG_ENABLE_OBJC_ARC = YES;
				CLANG_WARN_BOOL_CONVERSION = YES;
				CLANG_WARN_CONSTANT_CONVERSION = YES;
				CLANG_WARN_DIRECT_OBJC_ISA_USAGE = YES_ERROR;
				CLANG_WARN_EMPTY_BODY = YES;
				CLANG_WARN_ENUM_CONVERSION = YES;
				CLANG_WARN_INT_CONVERSION = YES;
				CLANG_WARN_OBJC_ROOT_CLASS = YES_ERROR;
				CLANG_WARN_UNREACHABLE_CODE = YES;
				CLANG_WARN__DUPLICATE_METHOD_MATCH = YES;
				"CODE_SIGN_IDENTITY[sdk=iphoneos*]" = "iPhone Developer";
				COPY_PHASE_STRIP = NO;
				DEBUG_INFORMATION_FORMAT = "dwarf-with-dsym";
				ENABLE_NS_ASSERTIONS = NO;
				ENABLE_STRICT_OBJC_MSGSEND = YES;
				GCC_C_LANGUAGE_STANDARD = gnu99;
				GCC_NO_COMMON_BLOCKS = YES;
				GCC_WARN_64_TO_32_BIT_CONVERSION = YES;
				GCC_WARN_ABOUT_RETURN_TYPE = YES_ERROR;
				GCC_WARN_UNDECLARED_SELECTOR = YES;
				GCC_WARN_UNINITIALIZED_AUTOS = YES_AGGRESSIVE;
				GCC_WARN_UNUSED_FUNCTION = YES;
				GCC_WARN_UNUSED_VARIABLE = YES;
				IPHONEOS_DEPLOYMENT_TARGET = 9.3;
				MTL_ENABLE_DEBUG_INFO = NO;
				SDKROOT = iphoneos;
				TARGETED_DEVICE_FAMILY = "1,2";
				VALIDATE_PRODUCT = YES;
			};
			name = Release;
		};
		EA4794511D7BD86E0006A5EB /* Debug */ = {
			isa = XCBuildConfiguration;
			buildSettings = {
				ASSETCATALOG_COMPILER_APPICON_NAME = AppIcon;
				CODE_SIGN_IDENTITY = "iPhone Developer";
				"CODE_SIGN_IDENTITY[sdk=iphoneos*]" = "iPhone Developer";
				INFOPLIST_FILE = ReproductorMusica/Info.plist;
				LD_RUNPATH_SEARCH_PATHS = "$(inherited) @executable_path/Frameworks";
				PRODUCT_BUNDLE_IDENTIFIER = jmpv.ReproductorMusica;
				PRODUCT_NAME = "$(TARGET_NAME)";
				PROVISIONING_PROFILE = "";
				SWIFT_VERSION = 3.0;
			};
			name = Debug;
		};
		EA4794521D7BD86E0006A5EB /* Release */ = {
			isa = XCBuildConfiguration;
			buildSettings = {
				ASSETCATALOG_COMPILER_APPICON_NAME = AppIcon;
				CODE_SIGN_IDENTITY = "iPhone Developer";
				"CODE_SIGN_IDENTITY[sdk=iphoneos*]" = "iPhone Developer";
				INFOPLIST_FILE = ReproductorMusica/Info.plist;
				LD_RUNPATH_SEARCH_PATHS = "$(inherited) @executable_path/Frameworks";
				PRODUCT_BUNDLE_IDENTIFIER = jmpv.ReproductorMusica;
				PRODUCT_NAME = "$(TARGET_NAME)";
				PROVISIONING_PROFILE = "";
				SWIFT_VERSION = 3.0;
			};
			name = Release;
		};
		EA4794541D7BD86E0006A5EB /* Debug */ = {
			isa = XCBuildConfiguration;
			buildSettings = {
				BUNDLE_LOADER = "$(TEST_HOST)";
				INFOPLIST_FILE = ReproductorMusicaTests/Info.plist;
				LD_RUNPATH_SEARCH_PATHS = "$(inherited) @executable_path/Frameworks @loader_path/Frameworks";
				PRODUCT_BUNDLE_IDENTIFIER = jmpv.ReproductorMusicaTests;
				PRODUCT_NAME = "$(TARGET_NAME)";
				SWIFT_VERSION = 3.0;
				TEST_HOST = "$(BUILT_PRODUCTS_DIR)/ReproductorMusica.app/ReproductorMusica";
			};
			name = Debug;
		};
		EA4794551D7BD86E0006A5EB /* Release */ = {
			isa = XCBuildConfiguration;
			buildSettings = {
				BUNDLE_LOADER = "$(TEST_HOST)";
				INFOPLIST_FILE = ReproductorMusicaTests/Info.plist;
				LD_RUNPATH_SEARCH_PATHS = "$(inherited) @executable_path/Frameworks @loader_path/Frameworks";
				PRODUCT_BUNDLE_IDENTIFIER = jmpv.ReproductorMusicaTests;
				PRODUCT_NAME = "$(TARGET_NAME)";
				SWIFT_VERSION = 3.0;
				TEST_HOST = "$(BUILT_PRODUCTS_DIR)/ReproductorMusica.app/ReproductorMusica";
			};
			name = Release;
		};
/* End XCBuildConfiguration section */

/* Begin XCConfigurationList section */
		EA47942E1D7BD86E0006A5EB /* Build configuration list for PBXProject "ReproductorMusica" */ = {
			isa = XCConfigurationList;
			buildConfigurations = (
				EA47944E1D7BD86E0006A5EB /* Debug */,
				EA47944F1D7BD86E0006A5EB /* Release */,
			);
			defaultConfigurationIsVisible = 0;
			defaultConfigurationName = Release;
		};
		EA4794501D7BD86E0006A5EB /* Build configuration list for PBXNativeTarget "ReproductorMusica" */ = {
			isa = XCConfigurationList;
			buildConfigurations = (
				EA4794511D7BD86E0006A5EB /* Debug */,
				EA4794521D7BD86E0006A5EB /* Release */,
			);
			defaultConfigurationIsVisible = 0;
			defaultConfigurationName = Release;
		};
		EA4794531D7BD86E0006A5EB /* Build configuration list for PBXNativeTarget "ReproductorMusicaTests" */ = {
			isa = XCConfigurationList;
			buildConfigurations = (
				EA4794541D7BD86E0006A5EB /* Debug */,
				EA4794551D7BD86E0006A5EB /* Release */,
			);
			defaultConfigurationIsVisible = 0;
			defaultConfigurationName = Release;
		};
/* End XCConfigurationList section */
	};
	rootObject = EA47942B1D7BD86E0006A5EB /* Project object */;
}
